<?xml version="1.0" encoding="utf-8"?>
<Project ToolsVersion="17.0" xmlns="http://schemas.microsoft.com/developer/msbuild/2003">
  <ItemGroup>
    <CustomBuild Include="C:\Users\thoma\Documents\GitHub\RaylibTemplate\desktop_build\CMakeFiles\ed064594ee3af442c1a95e54c1bf9ece\INSTALL_force.rule">
      <Filter>CMake Rules</Filter>
    </CustomBuild>
  </ItemGroup>
  <ItemGroup>
    <Filter Include="CMake Rules">
      <UniqueIdentifier>{C8A7714D-1F53-3EC7-B5E8-F1E16288E8C7}</UniqueIdentifier>
    </Filter>
  </ItemGroup>
</Project>
