<?xml version="1.0" encoding="utf-8"?>
<Project ToolsVersion="17.0" xmlns="http://schemas.microsoft.com/developer/msbuild/2003">
  <ItemGroup>
    <ClCompile Include="C:\Users\thoma\Documents\GitHub\RaylibTemplate\src\raylib_game.cpp">
      <Filter>Source Files</Filter>
    </ClCompile>
    <ClCompile Include="C:\Users\thoma\Documents\GitHub\RaylibTemplate\src\screen_ending.cpp">
      <Filter>Source Files</Filter>
    </ClCompile>
    <ClCompile Include="C:\Users\thoma\Documents\GitHub\RaylibTemplate\src\screen_gameplay.cpp">
      <Filter>Source Files</Filter>
    </ClCompile>
    <ClCompile Include="C:\Users\thoma\Documents\GitHub\RaylibTemplate\src\screen_logo.cpp">
      <Filter>Source Files</Filter>
    </ClCompile>
    <ClCompile Include="C:\Users\thoma\Documents\GitHub\RaylibTemplate\src\screen_options.cpp">
      <Filter>Source Files</Filter>
    </ClCompile>
    <ClCompile Include="C:\Users\thoma\Documents\GitHub\RaylibTemplate\src\screen_title.cpp">
      <Filter>Source Files</Filter>
    </ClCompile>
  </ItemGroup>
  <ItemGroup>
    <CustomBuild Include="C:\Users\thoma\Documents\GitHub\RaylibTemplate\CMakeLists.txt" />
  </ItemGroup>
  <ItemGroup>
    <Filter Include="Source Files">
      <UniqueIdentifier>{1F217C3A-4A50-3700-834C-A712C3B075E1}</UniqueIdentifier>
    </Filter>
  </ItemGroup>
</Project>
